
Microsoft Visual Studio Solution File, Format Version 12.00
# Visual Studio Version 17
VisualStudioVersion = 17.11.35312.102
MinimumVisualStudioVersion = 10.0.40219.1
Project("{8BC9CEB8-8B4A-11D0-8D11-00A0C91BC942}") = "LoginAndRegistrationSystem", "LoginAndRegistrationSystem.vcxproj", "{C30B05D3-7D90-4582-AA13-DC9C1C9659FB}"
EndProject
Global
	GlobalSection(SolutionConfigurationPlatforms) = preSolution
		Debug|x64 = Debug|x64
		Debug|x86 = Debug|x86
		Release|x64 = Release|x64
		Release|x86 = Release|x86
	EndGlobalSection
	GlobalSection(ProjectConfigurationPlatforms) = postSolution
		{C30B05D3-7D90-4582-AA13-DC9C1C9659FB}.Debug|x64.ActiveCfg = Debug|x64
		{C30B05D3-7D90-4582-AA13-DC9C1C9659FB}.Debug|x64.Build.0 = Debug|x64
		{C30B05D3-7D90-4582-AA13-DC9C1C9659FB}.Debug|x86.ActiveCfg = Debug|Win32
		{C30B05D3-7D90-4582-AA13-DC9C1C9659FB}.Debug|x86.Build.0 = Debug|Win32
		{C30B05D3-7D90-4582-AA13-DC9C1C9659FB}.Release|x64.ActiveCfg = Release|x64
		{C30B05D3-7D90-4582-AA13-DC9C1C9659FB}.Release|x64.Build.0 = Release|x64
		{C30B05D3-7D90-4582-AA13-DC9C1C9659FB}.Release|x86.ActiveCfg = Release|Win32
		{C30B05D3-7D90-4582-AA13-DC9C1C9659FB}.Release|x86.Build.0 = Release|Win32
	EndGlobalSection
	GlobalSection(SolutionProperties) = preSolution
		HideSolutionNode = FALSE
	EndGlobalSection
	GlobalSection(ExtensibilityGlobals) = postSolution
		SolutionGuid = {582F8A81-5B0D-40AA-A785-CF8F7E7EC443}
	EndGlobalSection
EndGlobal
